
Microsoft Visual Studio Solution File, Format Version 12.00
# Visual Studio Version 16
VisualStudioVersion = 16.0.30517.126
MinimumVisualStudioVersion = 10.0.40219.1
Project("{FAE04EC0-301F-11D3-BF4B-00C04F79EFBC}") = "TicTacToe", "TicTacToe\TicTacToe.csproj", "{2212744D-A442-437F-B380-33E434A1A184}"
EndProject
Global
	GlobalSection(SolutionConfigurationPlatforms) = preSolution
		Debug|Any CPU = Debug|Any CPU
		Release|Any CPU = Release|Any CPU
	EndGlobalSection
	GlobalSection(ProjectConfigurationPlatforms) = postSolution
		{2212744D-A442-437F-B380-33E434A1A184}.Debug|Any CPU.ActiveCfg = Debug|Any CPU
		{2212744D-A442-437F-B380-33E434A1A184}.Debug|Any CPU.Build.0 = Debug|Any CPU
		{2212744D-A442-437F-B380-33E434A1A184}.Release|Any CPU.ActiveCfg = Release|Any CPU
		{2212744D-A442-437F-B380-33E434A1A184}.Release|Any CPU.Build.0 = Release|Any CPU
	EndGlobalSection
	GlobalSection(SolutionProperties) = preSolution
		HideSolutionNode = FALSE
	EndGlobalSection
	GlobalSection(ExtensibilityGlobals) = postSolution
		SolutionGuid = {00902EC5-FAD1-4193-BCD3-8D11AAF73322}
	EndGlobalSection
EndGlobal
